
Microsoft Visual Studio Solution File, Format Version 12.00
# Visual Studio Version 17
VisualStudioVersion = 17.4.33403.182
MinimumVisualStudioVersion = 10.0.40219.1
Project("{FAE04EC0-301F-11D3-BF4B-00C04F79EFBC}") = "PracticaMVC", "PracticaMVC\PracticaMVC.csproj", "{A0182CE9-6F41-4319-AEC3-DA5A3FA50207}"
EndProject
Global
	GlobalSection(SolutionConfigurationPlatforms) = preSolution
		Debug|Any CPU = Debug|Any CPU
		Release|Any CPU = Release|Any CPU
	EndGlobalSection
	GlobalSection(ProjectConfigurationPlatforms) = postSolution
		{A0182CE9-6F41-4319-AEC3-DA5A3FA50207}.Debug|Any CPU.ActiveCfg = Debug|Any CPU
		{A0182CE9-6F41-4319-AEC3-DA5A3FA50207}.Debug|Any CPU.Build.0 = Debug|Any CPU
		{A0182CE9-6F41-4319-AEC3-DA5A3FA50207}.Release|Any CPU.ActiveCfg = Release|Any CPU
		{A0182CE9-6F41-4319-AEC3-DA5A3FA50207}.Release|Any CPU.Build.0 = Release|Any CPU
	EndGlobalSection
	GlobalSection(SolutionProperties) = preSolution
		HideSolutionNode = FALSE
	EndGlobalSection
	GlobalSection(ExtensibilityGlobals) = postSolution
		SolutionGuid = {E7A14B78-BC08-4983-87E3-7E24C0E8C152}
	EndGlobalSection
EndGlobal
